
Microsoft Visual Studio Solution File, Format Version 12.00
# Visual Studio Version 18
VisualStudioVersion = 18.0.11222.15
MinimumVisualStudioVersion = 10.0.40219.1
Project("{FAE04EC0-301F-11D3-BF4B-00C04F79EFBC}") = "Application", "Application\Application.csproj", "{D6E35D0C-2F3A-4E57-A90B-EB162EB9B171}"
EndProject
Project("{FAE04EC0-301F-11D3-BF4B-00C04F79EFBC}") = "WebAPI", "WebAPI\WebAPI.csproj", "{36B1E3A6-3B1A-424C-9948-F63D469BAE34}"
EndProject
Project("{FAE04EC0-301F-11D3-BF4B-00C04F79EFBC}") = "Web", "Web\Web.csproj", "{68A2ADDE-1075-487B-B764-4653772EF29E}"
EndProject
Project("{2150E333-8FDC-42A3-9474-1A3956D46DE8}") = "Projektmappenelemente", "Projektmappenelemente", "{6B0F3CF9-58D3-4326-B059-59E18D341DFA}"
	ProjectSection(SolutionItems) = preProject
		Dokumentation.txt = Dokumentation.txt
		Graph_Implementierung.txt = Graph_Implementierung.txt
	EndProjectSection
EndProject
Global
	GlobalSection(SolutionConfigurationPlatforms) = preSolution
		Debug|Any CPU = Debug|Any CPU
		Debug|x64 = Debug|x64
		Debug|x86 = Debug|x86
		Release|Any CPU = Release|Any CPU
		Release|x64 = Release|x64
		Release|x86 = Release|x86
	EndGlobalSection
	GlobalSection(ProjectConfigurationPlatforms) = postSolution
		{D6E35D0C-2F3A-4E57-A90B-EB162EB9B171}.Debug|Any CPU.ActiveCfg = Debug|Any CPU
		{D6E35D0C-2F3A-4E57-A90B-EB162EB9B171}.Debug|Any CPU.Build.0 = Debug|Any CPU
		{D6E35D0C-2F3A-4E57-A90B-EB162EB9B171}.Debug|x64.ActiveCfg = Debug|Any CPU
		{D6E35D0C-2F3A-4E57-A90B-EB162EB9B171}.Debug|x64.Build.0 = Debug|Any CPU
		{D6E35D0C-2F3A-4E57-A90B-EB162EB9B171}.Debug|x86.ActiveCfg = Debug|Any CPU
		{D6E35D0C-2F3A-4E57-A90B-EB162EB9B171}.Debug|x86.Build.0 = Debug|Any CPU
		{D6E35D0C-2F3A-4E57-A90B-EB162EB9B171}.Release|Any CPU.ActiveCfg = Release|Any CPU
		{D6E35D0C-2F3A-4E57-A90B-EB162EB9B171}.Release|Any CPU.Build.0 = Release|Any CPU
		{D6E35D0C-2F3A-4E57-A90B-EB162EB9B171}.Release|x64.ActiveCfg = Release|Any CPU
		{D6E35D0C-2F3A-4E57-A90B-EB162EB9B171}.Release|x64.Build.0 = Release|Any CPU
		{D6E35D0C-2F3A-4E57-A90B-EB162EB9B171}.Release|x86.ActiveCfg = Release|Any CPU
		{D6E35D0C-2F3A-4E57-A90B-EB162EB9B171}.Release|x86.Build.0 = Release|Any CPU
		{36B1E3A6-3B1A-424C-9948-F63D469BAE34}.Debug|Any CPU.ActiveCfg = Debug|Any CPU
		{36B1E3A6-3B1A-424C-9948-F63D469BAE34}.Debug|Any CPU.Build.0 = Debug|Any CPU
		{36B1E3A6-3B1A-424C-9948-F63D469BAE34}.Debug|x64.ActiveCfg = Debug|Any CPU
		{36B1E3A6-3B1A-424C-9948-F63D469BAE34}.Debug|x64.Build.0 = Debug|Any CPU
		{36B1E3A6-3B1A-424C-9948-F63D469BAE34}.Debug|x86.ActiveCfg = Debug|Any CPU
		{36B1E3A6-3B1A-424C-9948-F63D469BAE34}.Debug|x86.Build.0 = Debug|Any CPU
		{36B1E3A6-3B1A-424C-9948-F63D469BAE34}.Release|Any CPU.ActiveCfg = Release|Any CPU
		{36B1E3A6-3B1A-424C-9948-F63D469BAE34}.Release|Any CPU.Build.0 = Release|Any CPU
		{36B1E3A6-3B1A-424C-9948-F63D469BAE34}.Release|x64.ActiveCfg = Release|Any CPU
		{36B1E3A6-3B1A-424C-9948-F63D469BAE34}.Release|x64.Build.0 = Release|Any CPU
		{36B1E3A6-3B1A-424C-9948-F63D469BAE34}.Release|x86.ActiveCfg = Release|Any CPU
		{36B1E3A6-3B1A-424C-9948-F63D469BAE34}.Release|x86.Build.0 = Release|Any CPU
		{68A2ADDE-1075-487B-B764-4653772EF29E}.Debug|Any CPU.ActiveCfg = Debug|Any CPU
		{68A2ADDE-1075-487B-B764-4653772EF29E}.Debug|Any CPU.Build.0 = Debug|Any CPU
		{68A2ADDE-1075-487B-B764-4653772EF29E}.Debug|x64.ActiveCfg = Debug|Any CPU
		{68A2ADDE-1075-487B-B764-4653772EF29E}.Debug|x64.Build.0 = Debug|Any CPU
		{68A2ADDE-1075-487B-B764-4653772EF29E}.Debug|x86.ActiveCfg = Debug|Any CPU
		{68A2ADDE-1075-487B-B764-4653772EF29E}.Debug|x86.Build.0 = Debug|Any CPU
		{68A2ADDE-1075-487B-B764-4653772EF29E}.Release|Any CPU.ActiveCfg = Release|Any CPU
		{68A2ADDE-1075-487B-B764-4653772EF29E}.Release|Any CPU.Build.0 = Release|Any CPU
		{68A2ADDE-1075-487B-B764-4653772EF29E}.Release|x64.ActiveCfg = Release|Any CPU
		{68A2ADDE-1075-487B-B764-4653772EF29E}.Release|x64.Build.0 = Release|Any CPU
		{68A2ADDE-1075-487B-B764-4653772EF29E}.Release|x86.ActiveCfg = Release|Any CPU
		{68A2ADDE-1075-487B-B764-4653772EF29E}.Release|x86.Build.0 = Release|Any CPU
	EndGlobalSection
	GlobalSection(SolutionProperties) = preSolution
		HideSolutionNode = FALSE
	EndGlobalSection
	GlobalSection(ExtensibilityGlobals) = postSolution
		SolutionGuid = {9EDD03C5-909B-42EF-9364-DEF6823AF2AA}
	EndGlobalSection
EndGlobal
